
Microsoft Visual Studio Solution File, Format Version 12.00
# Visual Studio Version 17
VisualStudioVersion = 17.11.35327.3
MinimumVisualStudioVersion = 10.0.40219.1
Project("{2150E333-8FDC-42A3-9474-1A3956D46DE8}") = "Task0", "Task0", "{80AC9DD0-C5C2-49DD-A961-6C0FB153F98C}"
EndProject
Project("{9A19103F-16F7-4668-BE54-9A1E7A4F7556}") = "Tyuiu.RubanovEO.Sprint5.Task0.V4", "Tyuiu.RubanovEO.Sprint5.Task0.V4\Tyuiu.RubanovEO.Sprint5.Task0.V4.csproj", "{271DF57B-38A7-49CC-98CB-2F1FC116F56A}"
EndProject
Project("{9A19103F-16F7-4668-BE54-9A1E7A4F7556}") = "Tyuiu.RubanovEO.Sprint5.Task0.V4.Test", "Tyuiu.RubanovEO.Sprint5.Task0.V4.Test\Tyuiu.RubanovEO.Sprint5.Task0.V4.Test.csproj", "{D8409D09-14CA-4E36-9D5A-A08E9D980520}"
EndProject
Project("{9A19103F-16F7-4668-BE54-9A1E7A4F7556}") = "Tyuiu.RubanovEO.Sprint5.Task0.V4.Lib", "Tyuiu.RubanovEO.Sprint5.Task0.V4.Lib\Tyuiu.RubanovEO.Sprint5.Task0.V4.Lib.csproj", "{2A027C4F-821D-4A75-B635-CCA7526A4326}"
EndProject
Project("{2150E333-8FDC-42A3-9474-1A3956D46DE8}") = "Task1", "Task1", "{F71E05C6-1C3F-46FA-A1F2-C2DFACD35876}"
EndProject
Project("{9A19103F-16F7-4668-BE54-9A1E7A4F7556}") = "Tyuiu.RubanovEO.Sprint5.Task1.V15", "Tyuiu.RubanovEO.Sprint5.Task1.V15\Tyuiu.RubanovEO.Sprint5.Task1.V15.csproj", "{1D19BE50-A991-4BF4-92B7-85AAA6F30587}"
EndProject
Project("{9A19103F-16F7-4668-BE54-9A1E7A4F7556}") = "Tyuiu.RubanovEO.Sprint5.Task1.V15.Lib", "Tyuiu.RubanovEO.Sprint5.Task1.V15.Lib\Tyuiu.RubanovEO.Sprint5.Task1.V15.Lib.csproj", "{30050505-332C-4E69-A05D-747D6ADFA69D}"
EndProject
Project("{9A19103F-16F7-4668-BE54-9A1E7A4F7556}") = "Tyuiu.RubanovEO.Sprint5.Task1.V15.Test", "Tyuiu.RubanovEO.Sprint5.Task1.V15.Test\Tyuiu.RubanovEO.Sprint5.Task1.V15.Test.csproj", "{56BD979F-BD14-40EE-8FFF-008014704D63}"
EndProject
Project("{2150E333-8FDC-42A3-9474-1A3956D46DE8}") = "Task2", "Task2", "{F30546D8-F0FC-44F1-8E9F-8344909F3120}"
EndProject
Project("{9A19103F-16F7-4668-BE54-9A1E7A4F7556}") = "Tyuiu.RubanovEO.Sprint5.Task2.V4", "Tyuiu.RubanovEO.Sprint5.Task2.V4\Tyuiu.RubanovEO.Sprint5.Task2.V4.csproj", "{6F21204F-35F8-452C-8D9A-2738B8BA49FE}"
EndProject
Project("{9A19103F-16F7-4668-BE54-9A1E7A4F7556}") = "Tyuiu.RubanovEO.Sprint5.Task2.V4.Lib", "Tyuiu.RubanovEO.Sprint5.Task2.V4.Lib\Tyuiu.RubanovEO.Sprint5.Task2.V4.Lib.csproj", "{4024AA75-7084-40B7-B475-2F7E74B0BCFF}"
EndProject
Project("{9A19103F-16F7-4668-BE54-9A1E7A4F7556}") = "Tyuiu.RubanovEO.Sprint5.Task2.V4.Test", "Tyuiu.RubanovEO.Sprint5.Task2.V4.Test\Tyuiu.RubanovEO.Sprint5.Task2.V4.Test.csproj", "{9B710372-CEA3-4912-8C41-246C98681421}"
EndProject
Project("{2150E333-8FDC-42A3-9474-1A3956D46DE8}") = "Task3", "Task3", "{983F64B7-69D6-4EF7-8C93-49B1DF62998F}"
EndProject
Project("{9A19103F-16F7-4668-BE54-9A1E7A4F7556}") = "Tyuiu.RubanovEO.Sprint5.Task3.V4", "Tyuiu.RubanovEO.Sprint5.Task3.V4\Tyuiu.RubanovEO.Sprint5.Task3.V4.csproj", "{536F37C0-0492-4777-9ECF-8747098C61B7}"
EndProject
Project("{9A19103F-16F7-4668-BE54-9A1E7A4F7556}") = "Tyuiu.RubanovEO.Sprint5.Task3.V4.Test", "Tyuiu.RubanovEO.Sprint5.Task3.V4.Test\Tyuiu.RubanovEO.Sprint5.Task3.V4.Test.csproj", "{ACC4CA0B-05DD-4A10-9AA9-A9D13BD1B14A}"
EndProject
Project("{9A19103F-16F7-4668-BE54-9A1E7A4F7556}") = "Tyuiu.RubanovEO.Sprint5.Task3.V4.Lib", "Tyuiu.RubanovEO.Sprint5.Task3.V4.Lib\Tyuiu.RubanovEO.Sprint5.Task3.V4.Lib.csproj", "{9E4CF27F-CA9C-483B-81BF-FA29113AAC26}"
EndProject
Project("{2150E333-8FDC-42A3-9474-1A3956D46DE8}") = "Task4", "Task4", "{A90611B2-527F-451D-B30B-17106DBA9EBB}"
EndProject
Project("{FAE04EC0-301F-11D3-BF4B-00C04F79EFBC}") = "Tyuiu.RubanovEO.Sprint5.Task4.V11", "Tyuiu.RubanovEO.Sprint5.Task4.V11\Tyuiu.RubanovEO.Sprint5.Task4.V11.csproj", "{9CEB65B6-088E-40FB-A5A5-7A50705502C9}"
EndProject
Project("{FAE04EC0-301F-11D3-BF4B-00C04F79EFBC}") = "Tyuiu.RubanovEO.Sprint5.Task4.V11.Lib", "Tyuiu.RubanovEO.Sprint5.Task4.V11.Lib\Tyuiu.RubanovEO.Sprint5.Task4.V11.Lib.csproj", "{FEE399B6-9DCE-4142-BC7E-BE3554A0D36C}"
EndProject
Project("{FAE04EC0-301F-11D3-BF4B-00C04F79EFBC}") = "Tyuiu.RubanovEO.Sprint5.Task4.V11.Test", "Tyuiu.RubanovEO.Sprint5.Task4.V11.Test\Tyuiu.RubanovEO.Sprint5.Task4.V11.Test.csproj", "{0B5908E7-B3AF-4A51-B2B1-8288ED5100E9}"
EndProject
Global
	GlobalSection(SolutionConfigurationPlatforms) = preSolution
		Debug|Any CPU = Debug|Any CPU
		Release|Any CPU = Release|Any CPU
	EndGlobalSection
	GlobalSection(ProjectConfigurationPlatforms) = postSolution
		{271DF57B-38A7-49CC-98CB-2F1FC116F56A}.Debug|Any CPU.ActiveCfg = Debug|Any CPU
		{271DF57B-38A7-49CC-98CB-2F1FC116F56A}.Debug|Any CPU.Build.0 = Debug|Any CPU
		{271DF57B-38A7-49CC-98CB-2F1FC116F56A}.Release|Any CPU.ActiveCfg = Release|Any CPU
		{271DF57B-38A7-49CC-98CB-2F1FC116F56A}.Release|Any CPU.Build.0 = Release|Any CPU
		{D8409D09-14CA-4E36-9D5A-A08E9D980520}.Debug|Any CPU.ActiveCfg = Debug|Any CPU
		{D8409D09-14CA-4E36-9D5A-A08E9D980520}.Debug|Any CPU.Build.0 = Debug|Any CPU
		{D8409D09-14CA-4E36-9D5A-A08E9D980520}.Release|Any CPU.ActiveCfg = Release|Any CPU
		{D8409D09-14CA-4E36-9D5A-A08E9D980520}.Release|Any CPU.Build.0 = Release|Any CPU
		{2A027C4F-821D-4A75-B635-CCA7526A4326}.Debug|Any CPU.ActiveCfg = Debug|Any CPU
		{2A027C4F-821D-4A75-B635-CCA7526A4326}.Debug|Any CPU.Build.0 = Debug|Any CPU
		{2A027C4F-821D-4A75-B635-CCA7526A4326}.Release|Any CPU.ActiveCfg = Release|Any CPU
		{2A027C4F-821D-4A75-B635-CCA7526A4326}.Release|Any CPU.Build.0 = Release|Any CPU
		{1D19BE50-A991-4BF4-92B7-85AAA6F30587}.Debug|Any CPU.ActiveCfg = Debug|Any CPU
		{1D19BE50-A991-4BF4-92B7-85AAA6F30587}.Debug|Any CPU.Build.0 = Debug|Any CPU
		{1D19BE50-A991-4BF4-92B7-85AAA6F30587}.Release|Any CPU.ActiveCfg = Release|Any CPU
		{1D19BE50-A991-4BF4-92B7-85AAA6F30587}.Release|Any CPU.Build.0 = Release|Any CPU
		{30050505-332C-4E69-A05D-747D6ADFA69D}.Debug|Any CPU.ActiveCfg = Debug|Any CPU
		{30050505-332C-4E69-A05D-747D6ADFA69D}.Debug|Any CPU.Build.0 = Debug|Any CPU
		{30050505-332C-4E69-A05D-747D6ADFA69D}.Release|Any CPU.ActiveCfg = Release|Any CPU
		{30050505-332C-4E69-A05D-747D6ADFA69D}.Release|Any CPU.Build.0 = Release|Any CPU
		{56BD979F-BD14-40EE-8FFF-008014704D63}.Debug|Any CPU.ActiveCfg = Debug|Any CPU
		{56BD979F-BD14-40EE-8FFF-008014704D63}.Debug|Any CPU.Build.0 = Debug|Any CPU
		{56BD979F-BD14-40EE-8FFF-008014704D63}.Release|Any CPU.ActiveCfg = Release|Any CPU
		{56BD979F-BD14-40EE-8FFF-008014704D63}.Release|Any CPU.Build.0 = Release|Any CPU
		{6F21204F-35F8-452C-8D9A-2738B8BA49FE}.Debug|Any CPU.ActiveCfg = Debug|Any CPU
		{6F21204F-35F8-452C-8D9A-2738B8BA49FE}.Debug|Any CPU.Build.0 = Debug|Any CPU
		{6F21204F-35F8-452C-8D9A-2738B8BA49FE}.Release|Any CPU.ActiveCfg = Release|Any CPU
		{6F21204F-35F8-452C-8D9A-2738B8BA49FE}.Release|Any CPU.Build.0 = Release|Any CPU
		{4024AA75-7084-40B7-B475-2F7E74B0BCFF}.Debug|Any CPU.ActiveCfg = Debug|Any CPU
		{4024AA75-7084-40B7-B475-2F7E74B0BCFF}.Debug|Any CPU.Build.0 = Debug|Any CPU
		{4024AA75-7084-40B7-B475-2F7E74B0BCFF}.Release|Any CPU.ActiveCfg = Release|Any CPU
		{4024AA75-7084-40B7-B475-2F7E74B0BCFF}.Release|Any CPU.Build.0 = Release|Any CPU
		{9B710372-CEA3-4912-8C41-246C98681421}.Debug|Any CPU.ActiveCfg = Debug|Any CPU
		{9B710372-CEA3-4912-8C41-246C98681421}.Debug|Any CPU.Build.0 = Debug|Any CPU
		{9B710372-CEA3-4912-8C41-246C98681421}.Release|Any CPU.ActiveCfg = Release|Any CPU
		{9B710372-CEA3-4912-8C41-246C98681421}.Release|Any CPU.Build.0 = Release|Any CPU
		{536F37C0-0492-4777-9ECF-8747098C61B7}.Debug|Any CPU.ActiveCfg = Debug|Any CPU
		{536F37C0-0492-4777-9ECF-8747098C61B7}.Debug|Any CPU.Build.0 = Debug|Any CPU
		{536F37C0-0492-4777-9ECF-8747098C61B7}.Release|Any CPU.ActiveCfg = Release|Any CPU
		{536F37C0-0492-4777-9ECF-8747098C61B7}.Release|Any CPU.Build.0 = Release|Any CPU
		{ACC4CA0B-05DD-4A10-9AA9-A9D13BD1B14A}.Debug|Any CPU.ActiveCfg = Debug|Any CPU
		{ACC4CA0B-05DD-4A10-9AA9-A9D13BD1B14A}.Debug|Any CPU.Build.0 = Debug|Any CPU
		{ACC4CA0B-05DD-4A10-9AA9-A9D13BD1B14A}.Release|Any CPU.ActiveCfg = Release|Any CPU
		{ACC4CA0B-05DD-4A10-9AA9-A9D13BD1B14A}.Release|Any CPU.Build.0 = Release|Any CPU
		{9E4CF27F-CA9C-483B-81BF-FA29113AAC26}.Debug|Any CPU.ActiveCfg = Debug|Any CPU
		{9E4CF27F-CA9C-483B-81BF-FA29113AAC26}.Debug|Any CPU.Build.0 = Debug|Any CPU
		{9E4CF27F-CA9C-483B-81BF-FA29113AAC26}.Release|Any CPU.ActiveCfg = Release|Any CPU
		{9E4CF27F-CA9C-483B-81BF-FA29113AAC26}.Release|Any CPU.Build.0 = Release|Any CPU
		{9CEB65B6-088E-40FB-A5A5-7A50705502C9}.Debug|Any CPU.ActiveCfg = Debug|Any CPU
		{9CEB65B6-088E-40FB-A5A5-7A50705502C9}.Debug|Any CPU.Build.0 = Debug|Any CPU
		{9CEB65B6-088E-40FB-A5A5-7A50705502C9}.Release|Any CPU.ActiveCfg = Release|Any CPU
		{9CEB65B6-088E-40FB-A5A5-7A50705502C9}.Release|Any CPU.Build.0 = Release|Any CPU
		{FEE399B6-9DCE-4142-BC7E-BE3554A0D36C}.Debug|Any CPU.ActiveCfg = Debug|Any CPU
		{FEE399B6-9DCE-4142-BC7E-BE3554A0D36C}.Debug|Any CPU.Build.0 = Debug|Any CPU
		{FEE399B6-9DCE-4142-BC7E-BE3554A0D36C}.Release|Any CPU.ActiveCfg = Release|Any CPU
		{FEE399B6-9DCE-4142-BC7E-BE3554A0D36C}.Release|Any CPU.Build.0 = Release|Any CPU
		{0B5908E7-B3AF-4A51-B2B1-8288ED5100E9}.Debug|Any CPU.ActiveCfg = Debug|Any CPU
		{0B5908E7-B3AF-4A51-B2B1-8288ED5100E9}.Debug|Any CPU.Build.0 = Debug|Any CPU
		{0B5908E7-B3AF-4A51-B2B1-8288ED5100E9}.Release|Any CPU.ActiveCfg = Release|Any CPU
		{0B5908E7-B3AF-4A51-B2B1-8288ED5100E9}.Release|Any CPU.Build.0 = Release|Any CPU
	EndGlobalSection
	GlobalSection(SolutionProperties) = preSolution
		HideSolutionNode = FALSE
	EndGlobalSection
	GlobalSection(NestedProjects) = preSolution
		{271DF57B-38A7-49CC-98CB-2F1FC116F56A} = {80AC9DD0-C5C2-49DD-A961-6C0FB153F98C}
		{D8409D09-14CA-4E36-9D5A-A08E9D980520} = {80AC9DD0-C5C2-49DD-A961-6C0FB153F98C}
		{2A027C4F-821D-4A75-B635-CCA7526A4326} = {80AC9DD0-C5C2-49DD-A961-6C0FB153F98C}
		{1D19BE50-A991-4BF4-92B7-85AAA6F30587} = {F71E05C6-1C3F-46FA-A1F2-C2DFACD35876}
		{30050505-332C-4E69-A05D-747D6ADFA69D} = {F71E05C6-1C3F-46FA-A1F2-C2DFACD35876}
		{56BD979F-BD14-40EE-8FFF-008014704D63} = {F71E05C6-1C3F-46FA-A1F2-C2DFACD35876}
		{6F21204F-35F8-452C-8D9A-2738B8BA49FE} = {F30546D8-F0FC-44F1-8E9F-8344909F3120}
		{4024AA75-7084-40B7-B475-2F7E74B0BCFF} = {F30546D8-F0FC-44F1-8E9F-8344909F3120}
		{9B710372-CEA3-4912-8C41-246C98681421} = {F30546D8-F0FC-44F1-8E9F-8344909F3120}
		{536F37C0-0492-4777-9ECF-8747098C61B7} = {983F64B7-69D6-4EF7-8C93-49B1DF62998F}
		{ACC4CA0B-05DD-4A10-9AA9-A9D13BD1B14A} = {983F64B7-69D6-4EF7-8C93-49B1DF62998F}
		{9E4CF27F-CA9C-483B-81BF-FA29113AAC26} = {983F64B7-69D6-4EF7-8C93-49B1DF62998F}
		{9CEB65B6-088E-40FB-A5A5-7A50705502C9} = {A90611B2-527F-451D-B30B-17106DBA9EBB}
		{FEE399B6-9DCE-4142-BC7E-BE3554A0D36C} = {A90611B2-527F-451D-B30B-17106DBA9EBB}
		{0B5908E7-B3AF-4A51-B2B1-8288ED5100E9} = {A90611B2-527F-451D-B30B-17106DBA9EBB}
	EndGlobalSection
	GlobalSection(ExtensibilityGlobals) = postSolution
		SolutionGuid = {BDA6AB3B-6B94-4E54-BC31-C0BB5F2C1884}
	EndGlobalSection
EndGlobal
